{
  "pins" : [
    {
      "identity" : "tbmetalimage",
      "kind" : "remoteSourceControl",
      "location" : "https://github.com/Todd-Bowden/TBMetalImage.git",
      "state" : {
        "branch" : "main",
        "revision" : "203a702129870d7ae8dd32da04f1aeb62d90ac79"
      }
    }
  ],
  "version" : 2
}
